// !$*UTF8*$!
{
	archiveVersion = 1;
	classes = {
	};
	objectVersion = 46;
	objects = {

/* Begin PBXBuildFile section */
		2F1035BB1C6CC09900EF22F5 /* RatingControl.swift in Sources */ = {isa = PBXBuildFile; fileRef = 2F1035BA1C6CC09900EF22F5 /* RatingControl.swift */; };
		2F499A3C1C6B547F000C058F /* AppDelegate.swift in Sources */ = {isa = PBXBuildFile; fileRef = 2F499A3B1C6B547F000C058F /* AppDelegate.swift */; };
		2F499A3E1C6B547F000C058F /* ViewController.swift in Sources */ = {isa = PBXBuildFile; fileRef = 2F499A3D1C6B547F000C058F /* ViewController.swift */; };
		2F499A411C6B547F000C058F /* Main.storyboard in Resources */ = {isa = PBXBuildFile; fileRef = 2F499A3F1C6B547F000C058F /* Main.storyboard */; };
		2F499A431C6B547F000C058F /* Assets.xcassets in Resources */ = {isa = PBXBuildFile; fileRef = 2F499A421C6B547F000C058F /* Assets.xcassets */; };
		2F499A461C6B547F000C058F /* LaunchScreen.storyboard in Resources */ = {isa = PBXBuildFile; fileRef = 2F499A441C6B547F000C058F /* LaunchScreen.storyboard */; };
		2F499A511C6B547F000C058F /* nonyappTests.swift in Sources */ = {isa = PBXBuildFile; fileRef = 2F499A501C6B547F000C058F /* nonyappTests.swift */; };
		2F499A5C1C6B547F000C058F /* nonyappUITests.swift in Sources */ = {isa = PBXBuildFile; fileRef = 2F499A5B1C6B547F000C058F /* nonyappUITests.swift */; };
		2FDBAAC51C77803E00758A7C /* Meal.swift in Sources */ = {isa = PBXBuildFile; fileRef = 2FDBAAC41C77803E00758A7C /* Meal.swift */; };
		2FDBAAC61C77803E00758A7C /* Meal.swift in Sources */ = {isa = PBXBuildFile; fileRef = 2FDBAAC41C77803E00758A7C /* Meal.swift */; };
/* End PBXBuildFile section */

/* Begin PBXContainerItemProxy section */
		2F499A4D1C6B547F000C058F /* PBXContainerItemProxy */ = {
			isa = PBXContainerItemProxy;
			containerPortal = 2F499A301C6B547F000C058F /* Project object */;
			proxyType = 1;
			remoteGlobalIDString = 2F499A371C6B547F000C058F;
			remoteInfo = nonyapp;
		};
		2F499A581C6B547F000C058F /* PBXContainerItemProxy */ = {
			isa = PBXContainerItemProxy;
			containerPortal = 2F499A301C6B547F000C058F /* Project object */;
			proxyType = 1;
			remoteGlobalIDString = 2F499A371C6B547F000C058F;
			remoteInfo = nonyapp;
		};
/* End PBXContainerItemProxy section */

/* Begin PBXFileReference section */
		2F1035BA1C6CC09900EF22F5 /* RatingControl.swift */ = {isa = PBXFileReference; fileEncoding = 4; lastKnownFileType = sourcecode.swift; path = RatingControl.swift; sourceTree = "<group>"; };
		2F499A381C6B547F000C058F /* nonyapp.app */ = {isa = PBXFileReference; explicitFileType = wrapper.application; includeInIndex = 0; path = nonyapp.app; sourceTree = BUILT_PRODUCTS_DIR; };
		2F499A3B1C6B547F000C058F /* AppDelegate.swift */ = {isa = PBXFileReference; lastKnownFileType = sourcecode.swift; path = AppDelegate.swift; sourceTree = "<group>"; };
		2F499A3D1C6B547F000C058F /* ViewController.swift */ = {isa = PBXFileReference; lastKnownFileType = sourcecode.swift; path = ViewController.swift; sourceTree = "<group>"; };
		2F499A401C6B547F000C058F /* Base */ = {isa = PBXFileReference; lastKnownFileType = file.storyboard; name = Base; path = Base.lproj/Main.storyboard; sourceTree = "<group>"; };
		2F499A421C6B547F000C058F /* Assets.xcassets */ = {isa = PBXFileReference; lastKnownFileType = folder.assetcatalog; path = Assets.xcassets; sourceTree = "<group>"; };
		2F499A451C6B547F000C058F /* Base */ = {isa = PBXFileReference; lastKnownFileType = file.storyboard; name = Base; path = Base.lproj/LaunchScreen.storyboard; sourceTree = "<group>"; };
		2F499A471C6B547F000C058F /* Info.plist */ = {isa = PBXFileReference; lastKnownFileType = text.plist.xml; path = Info.plist; sourceTree = "<group>"; };
		2F499A4C1C6B547F000C058F /* nonyappTests.xctest */ = {isa = PBXFileReference; explicitFileType = wrapper.cfbundle; includeInIndex = 0; path = nonyappTests.xctest; sourceTree = BUILT_PRODUCTS_DIR; };
		2F499A501C6B547F000C058F /* nonyappTests.swift */ = {isa = PBXFileReference; lastKnownFileType = sourcecode.swift; path = nonyappTests.swift; sourceTree = "<group>"; };
		2F499A521C6B547F000C058F /* Info.plist */ = {isa = PBXFileReference; lastKnownFileType = text.plist.xml; path = Info.plist; sourceTree = "<group>"; };
		2F499A571C6B547F000C058F /* nonyappUITests.xctest */ = {isa = PBXFileReference; explicitFileType = wrapper.cfbundle; includeInIndex = 0; path = nonyappUITests.xctest; sourceTree = BUILT_PRODUCTS_DIR; };
		2F499A5B1C6B547F000C058F /* nonyappUITests.swift */ = {isa = PBXFileReference; lastKnownFileType = sourcecode.swift; path = nonyappUITests.swift; sourceTree = "<group>"; };
		2F499A5D1C6B547F000C058F /* Info.plist */ = {isa = PBXFileReference; lastKnownFileType = text.plist.xml; path = Info.plist; sourceTree = "<group>"; };
		2FDBAAC41C77803E00758A7C /* Meal.swift */ = {isa = PBXFileReference; fileEncoding = 4; lastKnownFileType = sourcecode.swift; path = Meal.swift; sourceTree = "<group>"; };
/* End PBXFileReference section */

/* Begin PBXFrameworksBuildPhase section */
		2F499A351C6B547F000C058F /* Frameworks */ = {
			isa = PBXFrameworksBuildPhase;
			buildActionMask = 2147483647;
			files = (
			);
			runOnlyForDeploymentPostprocessing = 0;
		};
		2F499A491C6B547F000C058F /* Frameworks */ = {
			isa = PBXFrameworksBuildPhase;
			buildActionMask = 2147483647;
			files = (
			);
			runOnlyForDeploymentPostprocessing = 0;
		};
		2F499A541C6B547F000C058F /* Frameworks */ = {
			isa = PBXFrameworksBuildPhase;
			buildActionMask = 2147483647;
			files = (
			);
			runOnlyForDeploymentPostprocessing = 0;
		};
/* End PBXFrameworksBuildPhase section */

/* Begin PBXGroup section */
		2F499A2F1C6B547F000C058F = {
			isa = PBXGroup;
			children = (
				2F499A3A1C6B547F000C058F /* nonyapp */,
				2F499A4F1C6B547F000C058F /* nonyappTests */,
				2F499A5A1C6B547F000C058F /* nonyappUITests */,
				2F499A391C6B547F000C058F /* Products */,
			);
			sourceTree = "<group>";
		};
		2F499A391C6B547F000C058F /* Products */ = {
			isa = PBXGroup;
			children = (
				2F499A381C6B547F000C058F /* nonyapp.app */,
				2F499A4C1C6B547F000C058F /* nonyappTests.xctest */,
				2F499A571C6B547F000C058F /* nonyappUITests.xctest */,
			);
			name = Products;
			sourceTree = "<group>";
		};
		2F499A3A1C6B547F000C058F /* nonyapp */ = {
			isa = PBXGroup;
			children = (
				2F499A3B1C6B547F000C058F /* AppDelegate.swift */,
				2FDBAAC41C77803E00758A7C /* Meal.swift */,
				2F499A3D1C6B547F000C058F /* ViewController.swift */,
				2F1035BA1C6CC09900EF22F5 /* RatingControl.swift */,
				2F499A3F1C6B547F000C058F /* Main.storyboard */,
				2F499A421C6B547F000C058F /* Assets.xcassets */,
				2F499A441C6B547F000C058F /* LaunchScreen.storyboard */,
				2F499A471C6B547F000C058F /* Info.plist */,
			);
			path = nonyapp;
			sourceTree = "<group>";
		};
		2F499A4F1C6B547F000C058F /* nonyappTests */ = {
			isa = PBXGroup;
			children = (
				2F499A501C6B547F000C058F /* nonyappTests.swift */,
				2F499A521C6B547F000C058F /* Info.plist */,
			);
			path = nonyappTests;
			sourceTree = "<group>";
		};
		2F499A5A1C6B547F000C058F /* nonyappUITests */ = {
			isa = PBXGroup;
			children = (
				2F499A5B1C6B547F000C058F /* nonyappUITests.swift */,
				2F499A5D1C6B547F000C058F /* Info.plist */,
			);
			path = nonyappUITests;
			sourceTree = "<group>";
		};
/* End PBXGroup section */

/* Begin PBXNativeTarget section */
		2F499A371C6B547F000C058F /* nonyapp */ = {
			isa = PBXNativeTarget;
			buildConfigurationList = 2F499A601C6B547F000C058F /* Build configuration list for PBXNativeTarget "nonyapp" */;
			buildPhases = (
				2F499A341C6B547F000C058F /* Sources */,
				2F499A351C6B547F000C058F /* Frameworks */,
				2F499A361C6B547F000C058F /* Resources */,
			);
			buildRules = (
			);
			dependencies = (
			);
			name = nonyapp;
			productName = nonyapp;
			productReference = 2F499A381C6B547F000C058F /* nonyapp.app */;
			productType = "com.apple.product-type.application";
		};
		2F499A4B1C6B547F000C058F /* nonyappTests */ = {
			isa = PBXNativeTarget;
			buildConfigurationList = 2F499A631C6B547F000C058F /* Build configuration list for PBXNativeTarget "nonyappTests" */;
			buildPhases = (
				2F499A481C6B547F000C058F /* Sources */,
				2F499A491C6B547F000C058F /* Frameworks */,
				2F499A4A1C6B547F000C058F /* Resources */,
			);
			buildRules = (
			);
			dependencies = (
				2F499A4E1C6B547F000C058F /* PBXTargetDependency */,
			);
			name = nonyappTests;
			productName = nonyappTests;
			productReference = 2F499A4C1C6B547F000C058F /* nonyappTests.xctest */;
			productType = "com.apple.product-type.bundle.unit-test";
		};
		2F499A561C6B547F000C058F /* nonyappUITests */ = {
			isa = PBXNativeTarget;
			buildConfigurationList = 2F499A661C6B547F000C058F /* Build configuration list for PBXNativeTarget "nonyappUITests" */;
			buildPhases = (
				2F499A531C6B547F000C058F /* Sources */,
				2F499A541C6B547F000C058F /* Frameworks */,
				2F499A551C6B547F000C058F /* Resources */,
			);
			buildRules = (
			);
			dependencies = (
				2F499A591C6B547F000C058F /* PBXTargetDependency */,
			);
			name = nonyappUITests;
			productName = nonyappUITests;
			productReference = 2F499A571C6B547F000C058F /* nonyappUITests.xctest */;
			productType = "com.apple.product-type.bundle.ui-testing";
		};
/* End PBXNativeTarget section */

/* Begin PBXProject section */
		2F499A301C6B547F000C058F /* Project object */ = {
			isa = PBXProject;
			attributes = {
				LastSwiftUpdateCheck = 0720;
				LastUpgradeCheck = 0720;
				ORGANIZATIONNAME = nonylene;
				TargetAttributes = {
					2F499A371C6B547F000C058F = {
						CreatedOnToolsVersion = 7.2.1;
						DevelopmentTeam = C2AHV9KGMA;
					};
					2F499A4B1C6B547F000C058F = {
						CreatedOnToolsVersion = 7.2.1;
						DevelopmentTeam = C2AHV9KGMA;
						TestTargetID = 2F499A371C6B547F000C058F;
					};
					2F499A561C6B547F000C058F = {
						CreatedOnToolsVersion = 7.2.1;
						DevelopmentTeam = C2AHV9KGMA;
						TestTargetID = 2F499A371C6B547F000C058F;
					};
				};
			};
			buildConfigurationList = 2F499A331C6B547F000C058F /* Build configuration list for PBXProject "nonyapp" */;
			compatibilityVersion = "Xcode 3.2";
			developmentRegion = English;
			hasScannedForEncodings = 0;
			knownRegions = (
				en,
				Base,
			);
			mainGroup = 2F499A2F1C6B547F000C058F;
			productRefGroup = 2F499A391C6B547F000C058F /* Products */;
			projectDirPath = "";
			projectRoot = "";
			targets = (
				2F499A371C6B547F000C058F /* nonyapp */,
				2F499A4B1C6B547F000C058F /* nonyappTests */,
				2F499A561C6B547F000C058F /* nonyappUITests */,
			);
		};
/* End PBXProject section */

/* Begin PBXResourcesBuildPhase section */
		2F499A361C6B547F000C058F /* Resources */ = {
			isa = PBXResourcesBuildPhase;
			buildActionMask = 2147483647;
			files = (
				2F499A461C6B547F000C058F /* LaunchScreen.storyboard in Resources */,
				2F499A431C6B547F000C058F /* Assets.xcassets in Resources */,
				2F499A411C6B547F000C058F /* Main.storyboard in Resources */,
			);
			runOnlyForDeploymentPostprocessing = 0;
		};
		2F499A4A1C6B547F000C058F /* Resources */ = {
			isa = PBXResourcesBuildPhase;
			buildActionMask = 2147483647;
			files = (
			);
			runOnlyForDeploymentPostprocessing = 0;
		};
		2F499A551C6B547F000C058F /* Resources */ = {
			isa = PBXResourcesBuildPhase;
			buildActionMask = 2147483647;
			files = (
			);
			runOnlyForDeploymentPostprocessing = 0;
		};
/* End PBXResourcesBuildPhase section */

/* Begin PBXSourcesBuildPhase section */
		2F499A341C6B547F000C058F /* Sources */ = {
			isa = PBXSourcesBuildPhase;
			buildActionMask = 2147483647;
			files = (
				2FDBAAC51C77803E00758A7C /* Meal.swift in Sources */,
				2F499A3E1C6B547F000C058F /* ViewController.swift in Sources */,
				2F1035BB1C6CC09900EF22F5 /* RatingControl.swift in Sources */,
				2F499A3C1C6B547F000C058F /* AppDelegate.swift in Sources */,
			);
			runOnlyForDeploymentPostprocessing = 0;
		};
		2F499A481C6B547F000C058F /* Sources */ = {
			isa = PBXSourcesBuildPhase;
			buildActionMask = 2147483647;
			files = (
				2FDBAAC61C77803E00758A7C /* Meal.swift in Sources */,
				2F499A511C6B547F000C058F /* nonyappTests.swift in Sources */,
			);
			runOnlyForDeploymentPostprocessing = 0;
		};
		2F499A531C6B547F000C058F /* Sources */ = {
			isa = PBXSourcesBuildPhase;
			buildActionMask = 2147483647;
			files = (
				2F499A5C1C6B547F000C058F /* nonyappUITests.swift in Sources */,
			);
			runOnlyForDeploymentPostprocessing = 0;
		};
/* End PBXSourcesBuildPhase section */

/* Begin PBXTargetDependency section */
		2F499A4E1C6B547F000C058F /* PBXTargetDependency */ = {
			isa = PBXTargetDependency;
			target = 2F499A371C6B547F000C058F /* nonyapp */;
			targetProxy = 2F499A4D1C6B547F000C058F /* PBXContainerItemProxy */;
		};
		2F499A591C6B547F000C058F /* PBXTargetDependency */ = {
			isa = PBXTargetDependency;
			target = 2F499A371C6B547F000C058F /* nonyapp */;
			targetProxy = 2F499A581C6B547F000C058F /* PBXContainerItemProxy */;
		};
/* End PBXTargetDependency section */

/* Begin PBXVariantGroup section */
		2F499A3F1C6B547F000C058F /* Main.storyboard */ = {
			isa = PBXVariantGroup;
			children = (
				2F499A401C6B547F000C058F /* Base */,
			);
			name = Main.storyboard;
			sourceTree = "<group>";
		};
		2F499A441C6B547F000C058F /* LaunchScreen.storyboard */ = {
			isa = PBXVariantGroup;
			children = (
				2F499A451C6B547F000C058F /* Base */,
			);
			name = LaunchScreen.storyboard;
			sourceTree = "<group>";
		};
/* End PBXVariantGroup section */

/* Begin XCBuildConfiguration section */
		2F499A5E1C6B547F000C058F /* Debug */ = {
			isa = XCBuildConfiguration;
			buildSettings = {
				ALWAYS_SEARCH_USER_PATHS = NO;
				CLANG_CXX_LANGUAGE_STANDARD = "gnu++0x";
				CLANG_CXX_LIBRARY = "libc++";
				CLANG_ENABLE_MODULES = YES;
				CLANG_ENABLE_OBJC_ARC = YES;
				CLANG_WARN_BOOL_CONVERSION = YES;
				CLANG_WARN_CONSTANT_CONVERSION = YES;
				CLANG_WARN_DIRECT_OBJC_ISA_USAGE = YES_ERROR;
				CLANG_WARN_EMPTY_BODY = YES;
				CLANG_WARN_ENUM_CONVERSION = YES;
				CLANG_WARN_INT_CONVERSION = YES;
				CLANG_WARN_OBJC_ROOT_CLASS = YES_ERROR;
				CLANG_WARN_UNREACHABLE_CODE = YES;
				CLANG_WARN__DUPLICATE_METHOD_MATCH = YES;
				"CODE_SIGN_IDENTITY[sdk=iphoneos*]" = "iPhone Developer";
				COPY_PHASE_STRIP = NO;
				DEBUG_INFORMATION_FORMAT = dwarf;
				ENABLE_STRICT_OBJC_MSGSEND = YES;
				ENABLE_TESTABILITY = YES;
				GCC_C_LANGUAGE_STANDARD = gnu99;
				GCC_DYNAMIC_NO_PIC = NO;
				GCC_NO_COMMON_BLOCKS = YES;
				GCC_OPTIMIZATION_LEVEL = 0;
				GCC_PREPROCESSOR_DEFINITIONS = (
					"DEBUG=1",
					"$(inherited)",
				);
				GCC_WARN_64_TO_32_BIT_CONVERSION = YES;
				GCC_WARN_ABOUT_RETURN_TYPE = YES_ERROR;
				GCC_WARN_UNDECLARED_SELECTOR = YES;
				GCC_WARN_UNINITIALIZED_AUTOS = YES_AGGRESSIVE;
				GCC_WARN_UNUSED_FUNCTION = YES;
				GCC_WARN_UNUSED_VARIABLE = YES;
				IPHONEOS_DEPLOYMENT_TARGET = 9.2;
				MTL_ENABLE_DEBUG_INFO = YES;
				ONLY_ACTIVE_ARCH = YES;
				SDKROOT = iphoneos;
				SWIFT_OPTIMIZATION_LEVEL = "-Onone";
				TARGETED_DEVICE_FAMILY = "1,2";
			};
			name = Debug;
		};
		2F499A5F1C6B547F000C058F /* Release */ = {
			isa = XCBuildConfiguration;
			buildSettings = {
				ALWAYS_SEARCH_USER_PATHS = NO;
				CLANG_CXX_LANGUAGE_STANDARD = "gnu++0x";
				CLANG_CXX_LIBRARY = "libc++";
				CLANG_ENABLE_MODULES = YES;
				CLANG_ENABLE_OBJC_ARC = YES;
				CLANG_WARN_BOOL_CONVERSION = YES;
				CLANG_WARN_CONSTANT_CONVERSION = YES;
				CLANG_WARN_DIRECT_OBJC_ISA_USAGE = YES_ERROR;
				CLANG_WARN_EMPTY_BODY = YES;
				CLANG_WARN_ENUM_CONVERSION = YES;
				CLANG_WARN_INT_CONVERSION = YES;
				CLANG_WARN_OBJC_ROOT_CLASS = YES_ERROR;
				CLANG_WARN_UNREACHABLE_CODE = YES;
				CLANG_WARN__DUPLICATE_METHOD_MATCH = YES;
				"CODE_SIGN_IDENTITY[sdk=iphoneos*]" = "iPhone Developer";
				COPY_PHASE_STRIP = NO;
				DEBUG_INFORMATION_FORMAT = "dwarf-with-dsym";
				ENABLE_NS_ASSERTIONS = NO;
				ENABLE_STRICT_OBJC_MSGSEND = YES;
				GCC_C_LANGUAGE_STANDARD = gnu99;
				GCC_NO_COMMON_BLOCKS = YES;
				GCC_WARN_64_TO_32_BIT_CONVERSION = YES;
				GCC_WARN_ABOUT_RETURN_TYPE = YES_ERROR;
				GCC_WARN_UNDECLARED_SELECTOR = YES;
				GCC_WARN_UNINITIALIZED_AUTOS = YES_AGGRESSIVE;
				GCC_WARN_UNUSED_FUNCTION = YES;
				GCC_WARN_UNUSED_VARIABLE = YES;
				IPHONEOS_DEPLOYMENT_TARGET = 9.2;
				MTL_ENABLE_DEBUG_INFO = NO;
				SDKROOT = iphoneos;
				TARGETED_DEVICE_FAMILY = "1,2";
				VALIDATE_PRODUCT = YES;
			};
			name = Release;
		};
		2F499A611C6B547F000C058F /* Debug */ = {
			isa = XCBuildConfiguration;
			buildSettings = {
				ASSETCATALOG_COMPILER_APPICON_NAME = AppIcon;
				INFOPLIST_FILE = nonyapp/Info.plist;
				LD_RUNPATH_SEARCH_PATHS = "$(inherited) @executable_path/Frameworks";
				PRODUCT_BUNDLE_IDENTIFIER = net.nonylene.nonyapp;
				PRODUCT_NAME = "$(TARGET_NAME)";
			};
			name = Debug;
		};
		2F499A621C6B547F000C058F /* Release */ = {
			isa = XCBuildConfiguration;
			buildSettings = {
				ASSETCATALOG_COMPILER_APPICON_NAME = AppIcon;
				INFOPLIST_FILE = nonyapp/Info.plist;
				LD_RUNPATH_SEARCH_PATHS = "$(inherited) @executable_path/Frameworks";
				PRODUCT_BUNDLE_IDENTIFIER = net.nonylene.nonyapp;
				PRODUCT_NAME = "$(TARGET_NAME)";
			};
			name = Release;
		};
		2F499A641C6B547F000C058F /* Debug */ = {
			isa = XCBuildConfiguration;
			buildSettings = {
				BUNDLE_LOADER = "$(TEST_HOST)";
				INFOPLIST_FILE = nonyappTests/Info.plist;
				LD_RUNPATH_SEARCH_PATHS = "$(inherited) @executable_path/Frameworks @loader_path/Frameworks";
				PRODUCT_BUNDLE_IDENTIFIER = net.nonylene.nonyappTests;
				PRODUCT_NAME = "$(TARGET_NAME)";
				TEST_HOST = "$(BUILT_PRODUCTS_DIR)/nonyapp.app/nonyapp";
			};
			name = Debug;
		};
		2F499A651C6B547F000C058F /* Release */ = {
			isa = XCBuildConfiguration;
			buildSettings = {
				BUNDLE_LOADER = "$(TEST_HOST)";
				INFOPLIST_FILE = nonyappTests/Info.plist;
				LD_RUNPATH_SEARCH_PATHS = "$(inherited) @executable_path/Frameworks @loader_path/Frameworks";
				PRODUCT_BUNDLE_IDENTIFIER = net.nonylene.nonyappTests;
				PRODUCT_NAME = "$(TARGET_NAME)";
				TEST_HOST = "$(BUILT_PRODUCTS_DIR)/nonyapp.app/nonyapp";
			};
			name = Release;
		};
		2F499A671C6B547F000C058F /* Debug */ = {
			isa = XCBuildConfiguration;
			buildSettings = {
				INFOPLIST_FILE = nonyappUITests/Info.plist;
				LD_RUNPATH_SEARCH_PATHS = "$(inherited) @executable_path/Frameworks @loader_path/Frameworks";
				PRODUCT_BUNDLE_IDENTIFIER = net.nonylene.nonyappUITests;
				PRODUCT_NAME = "$(TARGET_NAME)";
				TEST_TARGET_NAME = nonyapp;
				USES_XCTRUNNER = YES;
			};
			name = Debug;
		};
		2F499A681C6B547F000C058F /* Release */ = {
			isa = XCBuildConfiguration;
			buildSettings = {
				INFOPLIST_FILE = nonyappUITests/Info.plist;
				LD_RUNPATH_SEARCH_PATHS = "$(inherited) @executable_path/Frameworks @loader_path/Frameworks";
				PRODUCT_BUNDLE_IDENTIFIER = net.nonylene.nonyappUITests;
				PRODUCT_NAME = "$(TARGET_NAME)";
				TEST_TARGET_NAME = nonyapp;
				USES_XCTRUNNER = YES;
			};
			name = Release;
		};
/* End XCBuildConfiguration section */

/* Begin XCConfigurationList section */
		2F499A331C6B547F000C058F /* Build configuration list for PBXProject "nonyapp" */ = {
			isa = XCConfigurationList;
			buildConfigurations = (
				2F499A5E1C6B547F000C058F /* Debug */,
				2F499A5F1C6B547F000C058F /* Release */,
			);
			defaultConfigurationIsVisible = 0;
			defaultConfigurationName = Release;
		};
		2F499A601C6B547F000C058F /* Build configuration list for PBXNativeTarget "nonyapp" */ = {
			isa = XCConfigurationList;
			buildConfigurations = (
				2F499A611C6B547F000C058F /* Debug */,
				2F499A621C6B547F000C058F /* Release */,
			);
			defaultConfigurationIsVisible = 0;
			defaultConfigurationName = Release;
		};
		2F499A631C6B547F000C058F /* Build configuration list for PBXNativeTarget "nonyappTests" */ = {
			isa = XCConfigurationList;
			buildConfigurations = (
				2F499A641C6B547F000C058F /* Debug */,
				2F499A651C6B547F000C058F /* Release */,
			);
			defaultConfigurationIsVisible = 0;
			defaultConfigurationName = Release;
		};
		2F499A661C6B547F000C058F /* Build configuration list for PBXNativeTarget "nonyappUITests" */ = {
			isa = XCConfigurationList;
			buildConfigurations = (
				2F499A671C6B547F000C058F /* Debug */,
				2F499A681C6B547F000C058F /* Release */,
			);
			defaultConfigurationIsVisible = 0;
			defaultConfigurationName = Release;
		};
/* End XCConfigurationList section */
	};
	rootObject = 2F499A301C6B547F000C058F /* Project object */;
}
